
Microsoft Visual Studio Solution File, Format Version 12.00
# Visual Studio 14
VisualStudioVersion = 14.0.25420.1
MinimumVisualStudioVersion = 10.0.40219.1
Project("{FAE04EC0-301F-11D3-BF4B-00C04F79EFBC}") = "c_1", "c_1\c_1.csproj", "{AEE4E408-BAAF-4A89-9FCB-D8A16AF2A118}"
EndProject
Project("{FAE04EC0-301F-11D3-BF4B-00C04F79EFBC}") = "c_1Tests", "c_1Tests\c_1Tests.csproj", "{EC4DB9D5-F9F5-4A73-98CE-70CBC78B4352}"
EndProject
Project("{FAE04EC0-301F-11D3-BF4B-00C04F79EFBC}") = "ConsoleApplication", "ConsoleApplication\ConsoleApplication.csproj", "{5E6200AB-5828-4D47-A978-D8ED3C6A4B6A}"
EndProject
Global
	GlobalSection(SolutionConfigurationPlatforms) = preSolution
		Debug|Any CPU = Debug|Any CPU
		Release|Any CPU = Release|Any CPU
	EndGlobalSection
	GlobalSection(ProjectConfigurationPlatforms) = postSolution
		{AEE4E408-BAAF-4A89-9FCB-D8A16AF2A118}.Debug|Any CPU.ActiveCfg = Debug|Any CPU
		{AEE4E408-BAAF-4A89-9FCB-D8A16AF2A118}.Debug|Any CPU.Build.0 = Debug|Any CPU
		{AEE4E408-BAAF-4A89-9FCB-D8A16AF2A118}.Release|Any CPU.ActiveCfg = Release|Any CPU
		{AEE4E408-BAAF-4A89-9FCB-D8A16AF2A118}.Release|Any CPU.Build.0 = Release|Any CPU
		{EC4DB9D5-F9F5-4A73-98CE-70CBC78B4352}.Debug|Any CPU.ActiveCfg = Debug|Any CPU
		{EC4DB9D5-F9F5-4A73-98CE-70CBC78B4352}.Debug|Any CPU.Build.0 = Debug|Any CPU
		{EC4DB9D5-F9F5-4A73-98CE-70CBC78B4352}.Release|Any CPU.ActiveCfg = Release|Any CPU
		{EC4DB9D5-F9F5-4A73-98CE-70CBC78B4352}.Release|Any CPU.Build.0 = Release|Any CPU
		{5E6200AB-5828-4D47-A978-D8ED3C6A4B6A}.Debug|Any CPU.ActiveCfg = Debug|Any CPU
		{5E6200AB-5828-4D47-A978-D8ED3C6A4B6A}.Debug|Any CPU.Build.0 = Debug|Any CPU
		{5E6200AB-5828-4D47-A978-D8ED3C6A4B6A}.Release|Any CPU.ActiveCfg = Release|Any CPU
		{5E6200AB-5828-4D47-A978-D8ED3C6A4B6A}.Release|Any CPU.Build.0 = Release|Any CPU
	EndGlobalSection
	GlobalSection(SolutionProperties) = preSolution
		HideSolutionNode = FALSE
	EndGlobalSection
EndGlobal
